// !$*UTF8*$!
{
	archiveVersion = 1;
	classes = {
	};
	objectVersion = 50;
	objects = {

/* Begin PBXBuildFile section */
		C7BBC6C226914D280099AC04 /* hyuabotApp.swift in Sources */ = {isa = PBXBuildFile; fileRef = C7BBC6AF26914D240099AC04 /* hyuabotApp.swift */; };
		C7BBC6C326914D280099AC04 /* hyuabotApp.swift in Sources */ = {isa = PBXBuildFile; fileRef = C7BBC6AF26914D240099AC04 /* hyuabotApp.swift */; };
		C7BBC6C426914D280099AC04 /* ContentView.swift in Sources */ = {isa = PBXBuildFile; fileRef = C7BBC6B026914D240099AC04 /* ContentView.swift */; };
		C7BBC6C526914D280099AC04 /* ContentView.swift in Sources */ = {isa = PBXBuildFile; fileRef = C7BBC6B026914D240099AC04 /* ContentView.swift */; };
		C7BBC6C626914D280099AC04 /* Assets.xcassets in Resources */ = {isa = PBXBuildFile; fileRef = C7BBC6B126914D280099AC04 /* Assets.xcassets */; };
		C7BBC6C726914D280099AC04 /* Assets.xcassets in Resources */ = {isa = PBXBuildFile; fileRef = C7BBC6B126914D280099AC04 /* Assets.xcassets */; };
/* End PBXBuildFile section */

/* Begin PBXFileReference section */
		C7BBC6AF26914D240099AC04 /* hyuabotApp.swift */ = {isa = PBXFileReference; lastKnownFileType = sourcecode.swift; path = hyuabotApp.swift; sourceTree = "<group>"; };
		C7BBC6B026914D240099AC04 /* ContentView.swift */ = {isa = PBXFileReference; lastKnownFileType = sourcecode.swift; path = ContentView.swift; sourceTree = "<group>"; };
		C7BBC6B126914D280099AC04 /* Assets.xcassets */ = {isa = PBXFileReference; lastKnownFileType = folder.assetcatalog; path = Assets.xcassets; sourceTree = "<group>"; };
		C7BBC6B626914D280099AC04 /* hyuabot.app */ = {isa = PBXFileReference; explicitFileType = wrapper.application; includeInIndex = 0; path = hyuabot.app; sourceTree = BUILT_PRODUCTS_DIR; };
		C7BBC6B926914D280099AC04 /* Info.plist */ = {isa = PBXFileReference; lastKnownFileType = text.plist.xml; path = Info.plist; sourceTree = "<group>"; };
		C7BBC6BE26914D280099AC04 /* hyuabot.app */ = {isa = PBXFileReference; explicitFileType = wrapper.application; includeInIndex = 0; path = hyuabot.app; sourceTree = BUILT_PRODUCTS_DIR; };
		C7BBC6C026914D280099AC04 /* Info.plist */ = {isa = PBXFileReference; lastKnownFileType = text.plist.xml; path = Info.plist; sourceTree = "<group>"; };
		C7BBC6C126914D280099AC04 /* macOS.entitlements */ = {isa = PBXFileReference; lastKnownFileType = text.plist.entitlements; path = macOS.entitlements; sourceTree = "<group>"; };
/* End PBXFileReference section */

/* Begin PBXFrameworksBuildPhase section */
		C7BBC6B326914D280099AC04 /* Frameworks */ = {
			isa = PBXFrameworksBuildPhase;
			buildActionMask = 2147483647;
			files = (
			);
			runOnlyForDeploymentPostprocessing = 0;
		};
		C7BBC6BB26914D280099AC04 /* Frameworks */ = {
			isa = PBXFrameworksBuildPhase;
			buildActionMask = 2147483647;
			files = (
			);
			runOnlyForDeploymentPostprocessing = 0;
		};
/* End PBXFrameworksBuildPhase section */

/* Begin PBXGroup section */
		C7BBC6A926914D230099AC04 = {
			isa = PBXGroup;
			children = (
				C7BBC6AE26914D240099AC04 /* Shared */,
				C7BBC6B826914D280099AC04 /* iOS */,
				C7BBC6BF26914D280099AC04 /* macOS */,
				C7BBC6B726914D280099AC04 /* Products */,
			);
			sourceTree = "<group>";
		};
		C7BBC6AE26914D240099AC04 /* Shared */ = {
			isa = PBXGroup;
			children = (
				C7BBC6AF26914D240099AC04 /* hyuabotApp.swift */,
				C7BBC6B026914D240099AC04 /* ContentView.swift */,
				C7BBC6B126914D280099AC04 /* Assets.xcassets */,
			);
			path = Shared;
			sourceTree = "<group>";
		};
		C7BBC6B726914D280099AC04 /* Products */ = {
			isa = PBXGroup;
			children = (
				C7BBC6B626914D280099AC04 /* hyuabot.app */,
				C7BBC6BE26914D280099AC04 /* hyuabot.app */,
			);
			name = Products;
			sourceTree = "<group>";
		};
		C7BBC6B826914D280099AC04 /* iOS */ = {
			isa = PBXGroup;
			children = (
				C7BBC6B926914D280099AC04 /* Info.plist */,
			);
			path = iOS;
			sourceTree = "<group>";
		};
		C7BBC6BF26914D280099AC04 /* macOS */ = {
			isa = PBXGroup;
			children = (
				C7BBC6C026914D280099AC04 /* Info.plist */,
				C7BBC6C126914D280099AC04 /* macOS.entitlements */,
			);
			path = macOS;
			sourceTree = "<group>";
		};
/* End PBXGroup section */

/* Begin PBXNativeTarget section */
		C7BBC6B526914D280099AC04 /* hyuabot (iOS) */ = {
			isa = PBXNativeTarget;
			buildConfigurationList = C7BBC6CA26914D280099AC04 /* Build configuration list for PBXNativeTarget "hyuabot (iOS)" */;
			buildPhases = (
				C7BBC6B226914D280099AC04 /* Sources */,
				C7BBC6B326914D280099AC04 /* Frameworks */,
				C7BBC6B426914D280099AC04 /* Resources */,
			);
			buildRules = (
			);
			dependencies = (
			);
			name = "hyuabot (iOS)";
			productName = "hyuabot (iOS)";
			productReference = C7BBC6B626914D280099AC04 /* hyuabot.app */;
			productType = "com.apple.product-type.application";
		};
		C7BBC6BD26914D280099AC04 /* hyuabot (macOS) */ = {
			isa = PBXNativeTarget;
			buildConfigurationList = C7BBC6CD26914D280099AC04 /* Build configuration list for PBXNativeTarget "hyuabot (macOS)" */;
			buildPhases = (
				C7BBC6BA26914D280099AC04 /* Sources */,
				C7BBC6BB26914D280099AC04 /* Frameworks */,
				C7BBC6BC26914D280099AC04 /* Resources */,
			);
			buildRules = (
			);
			dependencies = (
			);
			name = "hyuabot (macOS)";
			productName = "hyuabot (macOS)";
			productReference = C7BBC6BE26914D280099AC04 /* hyuabot.app */;
			productType = "com.apple.product-type.application";
		};
/* End PBXNativeTarget section */

/* Begin PBXProject section */
		C7BBC6AA26914D240099AC04 /* Project object */ = {
			isa = PBXProject;
			attributes = {
				LastSwiftUpdateCheck = 1250;
				LastUpgradeCheck = 1250;
				TargetAttributes = {
					C7BBC6B526914D280099AC04 = {
						CreatedOnToolsVersion = 12.5;
					};
					C7BBC6BD26914D280099AC04 = {
						CreatedOnToolsVersion = 12.5;
					};
				};
			};
			buildConfigurationList = C7BBC6AD26914D240099AC04 /* Build configuration list for PBXProject "hyuabot" */;
			compatibilityVersion = "Xcode 9.3";
			developmentRegion = en;
			hasScannedForEncodings = 0;
			knownRegions = (
				en,
				Base,
			);
			mainGroup = C7BBC6A926914D230099AC04;
			productRefGroup = C7BBC6B726914D280099AC04 /* Products */;
			projectDirPath = "";
			projectRoot = "";
			targets = (
				C7BBC6B526914D280099AC04 /* hyuabot (iOS) */,
				C7BBC6BD26914D280099AC04 /* hyuabot (macOS) */,
			);
		};
/* End PBXProject section */

/* Begin PBXResourcesBuildPhase section */
		C7BBC6B426914D280099AC04 /* Resources */ = {
			isa = PBXResourcesBuildPhase;
			buildActionMask = 2147483647;
			files = (
				C7BBC6C626914D280099AC04 /* Assets.xcassets in Resources */,
			);
			runOnlyForDeploymentPostprocessing = 0;
		};
		C7BBC6BC26914D280099AC04 /* Resources */ = {
			isa = PBXResourcesBuildPhase;
			buildActionMask = 2147483647;
			files = (
				C7BBC6C726914D280099AC04 /* Assets.xcassets in Resources */,
			);
			runOnlyForDeploymentPostprocessing = 0;
		};
/* End PBXResourcesBuildPhase section */

/* Begin PBXSourcesBuildPhase section */
		C7BBC6B226914D280099AC04 /* Sources */ = {
			isa = PBXSourcesBuildPhase;
			buildActionMask = 2147483647;
			files = (
				C7BBC6C426914D280099AC04 /* ContentView.swift in Sources */,
				C7BBC6C226914D280099AC04 /* hyuabotApp.swift in Sources */,
			);
			runOnlyForDeploymentPostprocessing = 0;
		};
		C7BBC6BA26914D280099AC04 /* Sources */ = {
			isa = PBXSourcesBuildPhase;
			buildActionMask = 2147483647;
			files = (
				C7BBC6C526914D280099AC04 /* ContentView.swift in Sources */,
				C7BBC6C326914D280099AC04 /* hyuabotApp.swift in Sources */,
			);
			runOnlyForDeploymentPostprocessing = 0;
		};
/* End PBXSourcesBuildPhase section */

/* Begin XCBuildConfiguration section */
		C7BBC6C826914D280099AC04 /* Debug */ = {
			isa = XCBuildConfiguration;
			buildSettings = {
				ALWAYS_SEARCH_USER_PATHS = NO;
				CLANG_ANALYZER_NONNULL = YES;
				CLANG_ANALYZER_NUMBER_OBJECT_CONVERSION = YES_AGGRESSIVE;
				CLANG_CXX_LANGUAGE_STANDARD = "gnu++14";
				CLANG_CXX_LIBRARY = "libc++";
				CLANG_ENABLE_MODULES = YES;
				CLANG_ENABLE_OBJC_ARC = YES;
				CLANG_ENABLE_OBJC_WEAK = YES;
				CLANG_WARN_BLOCK_CAPTURE_AUTORELEASING = YES;
				CLANG_WARN_BOOL_CONVERSION = YES;
				CLANG_WARN_COMMA = YES;
				CLANG_WARN_CONSTANT_CONVERSION = YES;
				CLANG_WARN_DEPRECATED_OBJC_IMPLEMENTATIONS = YES;
				CLANG_WARN_DIRECT_OBJC_ISA_USAGE = YES_ERROR;
				CLANG_WARN_DOCUMENTATION_COMMENTS = YES;
				CLANG_WARN_EMPTY_BODY = YES;
				CLANG_WARN_ENUM_CONVERSION = YES;
				CLANG_WARN_INFINITE_RECURSION = YES;
				CLANG_WARN_INT_CONVERSION = YES;
				CLANG_WARN_NON_LITERAL_NULL_CONVERSION = YES;
				CLANG_WARN_OBJC_IMPLICIT_RETAIN_SELF = YES;
				CLANG_WARN_OBJC_LITERAL_CONVERSION = YES;
				CLANG_WARN_OBJC_ROOT_CLASS = YES_ERROR;
				CLANG_WARN_QUOTED_INCLUDE_IN_FRAMEWORK_HEADER = YES;
				CLANG_WARN_RANGE_LOOP_ANALYSIS = YES;
				CLANG_WARN_STRICT_PROTOTYPES = YES;
				CLANG_WARN_SUSPICIOUS_MOVE = YES;
				CLANG_WARN_UNGUARDED_AVAILABILITY = YES_AGGRESSIVE;
				CLANG_WARN_UNREACHABLE_CODE = YES;
				CLANG_WARN__DUPLICATE_METHOD_MATCH = YES;
				COPY_PHASE_STRIP = NO;
				DEBUG_INFORMATION_FORMAT = dwarf;
				ENABLE_STRICT_OBJC_MSGSEND = YES;
				ENABLE_TESTABILITY = YES;
				GCC_C_LANGUAGE_STANDARD = gnu11;
				GCC_DYNAMIC_NO_PIC = NO;
				GCC_NO_COMMON_BLOCKS = YES;
				GCC_OPTIMIZATION_LEVEL = 0;
				GCC_PREPROCESSOR_DEFINITIONS = (
					"DEBUG=1",
					"$(inherited)",
				);
				GCC_WARN_64_TO_32_BIT_CONVERSION = YES;
				GCC_WARN_ABOUT_RETURN_TYPE = YES_ERROR;
				GCC_WARN_UNDECLARED_SELECTOR = YES;
				GCC_WARN_UNINITIALIZED_AUTOS = YES_AGGRESSIVE;
				GCC_WARN_UNUSED_FUNCTION = YES;
				GCC_WARN_UNUSED_VARIABLE = YES;
				MTL_ENABLE_DEBUG_INFO = INCLUDE_SOURCE;
				MTL_FAST_MATH = YES;
				ONLY_ACTIVE_ARCH = YES;
				SWIFT_ACTIVE_COMPILATION_CONDITIONS = DEBUG;
				SWIFT_OPTIMIZATION_LEVEL = "-Onone";
			};
			name = Debug;
		};
		C7BBC6C926914D280099AC04 /* Release */ = {
			isa = XCBuildConfiguration;
			buildSettings = {
				ALWAYS_SEARCH_USER_PATHS = NO;
				CLANG_ANALYZER_NONNULL = YES;
				CLANG_ANALYZER_NUMBER_OBJECT_CONVERSION = YES_AGGRESSIVE;
				CLANG_CXX_LANGUAGE_STANDARD = "gnu++14";
				CLANG_CXX_LIBRARY = "libc++";
				CLANG_ENABLE_MODULES = YES;
				CLANG_ENABLE_OBJC_ARC = YES;
				CLANG_ENABLE_OBJC_WEAK = YES;
				CLANG_WARN_BLOCK_CAPTURE_AUTORELEASING = YES;
				CLANG_WARN_BOOL_CONVERSION = YES;
				CLANG_WARN_COMMA = YES;
				CLANG_WARN_CONSTANT_CONVERSION = YES;
				CLANG_WARN_DEPRECATED_OBJC_IMPLEMENTATIONS = YES;
				CLANG_WARN_DIRECT_OBJC_ISA_USAGE = YES_ERROR;
				CLANG_WARN_DOCUMENTATION_COMMENTS = YES;
				CLANG_WARN_EMPTY_BODY = YES;
				CLANG_WARN_ENUM_CONVERSION = YES;
				CLANG_WARN_INFINITE_RECURSION = YES;
				CLANG_WARN_INT_CONVERSION = YES;
				CLANG_WARN_NON_LITERAL_NULL_CONVERSION = YES;
				CLANG_WARN_OBJC_IMPLICIT_RETAIN_SELF = YES;
				CLANG_WARN_OBJC_LITERAL_CONVERSION = YES;
				CLANG_WARN_OBJC_ROOT_CLASS = YES_ERROR;
				CLANG_WARN_QUOTED_INCLUDE_IN_FRAMEWORK_HEADER = YES;
				CLANG_WARN_RANGE_LOOP_ANALYSIS = YES;
				CLANG_WARN_STRICT_PROTOTYPES = YES;
				CLANG_WARN_SUSPICIOUS_MOVE = YES;
				CLANG_WARN_UNGUARDED_AVAILABILITY = YES_AGGRESSIVE;
				CLANG_WARN_UNREACHABLE_CODE = YES;
				CLANG_WARN__DUPLICATE_METHOD_MATCH = YES;
				COPY_PHASE_STRIP = NO;
				DEBUG_INFORMATION_FORMAT = "dwarf-with-dsym";
				ENABLE_NS_ASSERTIONS = NO;
				ENABLE_STRICT_OBJC_MSGSEND = YES;
				GCC_C_LANGUAGE_STANDARD = gnu11;
				GCC_NO_COMMON_BLOCKS = YES;
				GCC_WARN_64_TO_32_BIT_CONVERSION = YES;
				GCC_WARN_ABOUT_RETURN_TYPE = YES_ERROR;
				GCC_WARN_UNDECLARED_SELECTOR = YES;
				GCC_WARN_UNINITIALIZED_AUTOS = YES_AGGRESSIVE;
				GCC_WARN_UNUSED_FUNCTION = YES;
				GCC_WARN_UNUSED_VARIABLE = YES;
				MTL_ENABLE_DEBUG_INFO = NO;
				MTL_FAST_MATH = YES;
				SWIFT_COMPILATION_MODE = wholemodule;
				SWIFT_OPTIMIZATION_LEVEL = "-O";
			};
			name = Release;
		};
		C7BBC6CB26914D280099AC04 /* Debug */ = {
			isa = XCBuildConfiguration;
			buildSettings = {
				ASSETCATALOG_COMPILER_APPICON_NAME = AppIcon;
				ASSETCATALOG_COMPILER_GLOBAL_ACCENT_COLOR_NAME = AccentColor;
				CODE_SIGN_STYLE = Automatic;
				DEVELOPMENT_TEAM = 9YYP5T2RL4;
				ENABLE_PREVIEWS = YES;
				INFOPLIST_FILE = iOS/Info.plist;
				IPHONEOS_DEPLOYMENT_TARGET = 14.1;
				LD_RUNPATH_SEARCH_PATHS = (
					"$(inherited)",
					"@executable_path/Frameworks",
				);
				PRODUCT_BUNDLE_IDENTIFIER = app.kobuggi.hyuabot;
				PRODUCT_NAME = hyuabot;
				SDKROOT = iphoneos;
				SWIFT_VERSION = 5.0;
				TARGETED_DEVICE_FAMILY = "1,2";
			};
			name = Debug;
		};
		C7BBC6CC26914D280099AC04 /* Release */ = {
			isa = XCBuildConfiguration;
			buildSettings = {
				ASSETCATALOG_COMPILER_APPICON_NAME = AppIcon;
				ASSETCATALOG_COMPILER_GLOBAL_ACCENT_COLOR_NAME = AccentColor;
				CODE_SIGN_STYLE = Automatic;
				DEVELOPMENT_TEAM = 9YYP5T2RL4;
				ENABLE_PREVIEWS = YES;
				INFOPLIST_FILE = iOS/Info.plist;
				IPHONEOS_DEPLOYMENT_TARGET = 14.1;
				LD_RUNPATH_SEARCH_PATHS = (
					"$(inherited)",
					"@executable_path/Frameworks",
				);
				PRODUCT_BUNDLE_IDENTIFIER = app.kobuggi.hyuabot;
				PRODUCT_NAME = hyuabot;
				SDKROOT = iphoneos;
				SWIFT_VERSION = 5.0;
				TARGETED_DEVICE_FAMILY = "1,2";
				VALIDATE_PRODUCT = YES;
			};
			name = Release;
		};
		C7BBC6CE26914D280099AC04 /* Debug */ = {
			isa = XCBuildConfiguration;
			buildSettings = {
				ASSETCATALOG_COMPILER_APPICON_NAME = AppIcon;
				ASSETCATALOG_COMPILER_GLOBAL_ACCENT_COLOR_NAME = AccentColor;
				CODE_SIGN_ENTITLEMENTS = macOS/macOS.entitlements;
				CODE_SIGN_STYLE = Automatic;
				COMBINE_HIDPI_IMAGES = YES;
				DEVELOPMENT_TEAM = 9YYP5T2RL4;
				ENABLE_HARDENED_RUNTIME = YES;
				ENABLE_PREVIEWS = YES;
				INFOPLIST_FILE = macOS/Info.plist;
				LD_RUNPATH_SEARCH_PATHS = (
					"$(inherited)",
					"@executable_path/../Frameworks",
				);
				MACOSX_DEPLOYMENT_TARGET = 11.0;
				PRODUCT_BUNDLE_IDENTIFIER = app.kobuggi.hyuabot;
				PRODUCT_NAME = hyuabot;
				SDKROOT = macosx;
				SWIFT_VERSION = 5.0;
			};
			name = Debug;
		};
		C7BBC6CF26914D280099AC04 /* Release */ = {
			isa = XCBuildConfiguration;
			buildSettings = {
				ASSETCATALOG_COMPILER_APPICON_NAME = AppIcon;
				ASSETCATALOG_COMPILER_GLOBAL_ACCENT_COLOR_NAME = AccentColor;
				CODE_SIGN_ENTITLEMENTS = macOS/macOS.entitlements;
				CODE_SIGN_STYLE = Automatic;
				COMBINE_HIDPI_IMAGES = YES;
				DEVELOPMENT_TEAM = 9YYP5T2RL4;
				ENABLE_HARDENED_RUNTIME = YES;
				ENABLE_PREVIEWS = YES;
				INFOPLIST_FILE = macOS/Info.plist;
				LD_RUNPATH_SEARCH_PATHS = (
					"$(inherited)",
					"@executable_path/../Frameworks",
				);
				MACOSX_DEPLOYMENT_TARGET = 11.0;
				PRODUCT_BUNDLE_IDENTIFIER = app.kobuggi.hyuabot;
				PRODUCT_NAME = hyuabot;
				SDKROOT = macosx;
				SWIFT_VERSION = 5.0;
			};
			name = Release;
		};
/* End XCBuildConfiguration section */

/* Begin XCConfigurationList section */
		C7BBC6AD26914D240099AC04 /* Build configuration list for PBXProject "hyuabot" */ = {
			isa = XCConfigurationList;
			buildConfigurations = (
				C7BBC6C826914D280099AC04 /* Debug */,
				C7BBC6C926914D280099AC04 /* Release */,
			);
			defaultConfigurationIsVisible = 0;
			defaultConfigurationName = Release;
		};
		C7BBC6CA26914D280099AC04 /* Build configuration list for PBXNativeTarget "hyuabot (iOS)" */ = {
			isa = XCConfigurationList;
			buildConfigurations = (
				C7BBC6CB26914D280099AC04 /* Debug */,
				C7BBC6CC26914D280099AC04 /* Release */,
			);
			defaultConfigurationIsVisible = 0;
			defaultConfigurationName = Release;
		};
		C7BBC6CD26914D280099AC04 /* Build configuration list for PBXNativeTarget "hyuabot (macOS)" */ = {
			isa = XCConfigurationList;
			buildConfigurations = (
				C7BBC6CE26914D280099AC04 /* Debug */,
				C7BBC6CF26914D280099AC04 /* Release */,
			);
			defaultConfigurationIsVisible = 0;
			defaultConfigurationName = Release;
		};
/* End XCConfigurationList section */
	};
	rootObject = C7BBC6AA26914D240099AC04 /* Project object */;
}
